
Microsoft Visual Studio Solution File, Format Version 12.00
# Visual Studio Version 17
VisualStudioVersion = 17.11.35327.3
MinimumVisualStudioVersion = 10.0.40219.1
Project("{FAE04EC0-301F-11D3-BF4B-00C04F79EFBC}") = "Together Culture", "Together Culture\Together Culture.csproj", "{5986FF47-7B34-4A40-9EB6-78775CA3F7EB}"
EndProject
Global
	GlobalSection(SolutionConfigurationPlatforms) = preSolution
		Debug|Any CPU = Debug|Any CPU
		Release|Any CPU = Release|Any CPU
	EndGlobalSection
	GlobalSection(ProjectConfigurationPlatforms) = postSolution
		{5986FF47-7B34-4A40-9EB6-78775CA3F7EB}.Debug|Any CPU.ActiveCfg = Debug|Any CPU
		{5986FF47-7B34-4A40-9EB6-78775CA3F7EB}.Debug|Any CPU.Build.0 = Debug|Any CPU
		{5986FF47-7B34-4A40-9EB6-78775CA3F7EB}.Release|Any CPU.ActiveCfg = Release|Any CPU
		{5986FF47-7B34-4A40-9EB6-78775CA3F7EB}.Release|Any CPU.Build.0 = Release|Any CPU
	EndGlobalSection
	GlobalSection(SolutionProperties) = preSolution
		HideSolutionNode = FALSE
	EndGlobalSection
	GlobalSection(ExtensibilityGlobals) = postSolution
		SolutionGuid = {4C46917D-5E2A-46AA-AACD-1CC549CBBAB0}
	EndGlobalSection
EndGlobal
